// !$*UTF8*$!
{
	archiveVersion = 1;
	classes = {
	};
	objectVersion = 56;
	objects = {

/* Begin PBXBuildFile section */
		1442D50C2C7A4CF7002F3666 /* RemindersAppApp.swift in Sources */ = {isa = PBXBuildFile; fileRef = 1442D50B2C7A4CF7002F3666 /* RemindersAppApp.swift */; };
		1442D5102C7A4CF9002F3666 /* Assets.xcassets in Resources */ = {isa = PBXBuildFile; fileRef = 1442D50F2C7A4CF9002F3666 /* Assets.xcassets */; };
		1442D5132C7A4CF9002F3666 /* Preview Assets.xcassets in Resources */ = {isa = PBXBuildFile; fileRef = 1442D5122C7A4CF9002F3666 /* Preview Assets.xcassets */; };
		1442D54E2C7A4D6E002F3666 /* Colors+Extension.swift in Sources */ = {isa = PBXBuildFile; fileRef = 1442D54D2C7A4D6E002F3666 /* Colors+Extension.swift */; };
		1442D54F2C7A4D6E002F3666 /* Date+Extension.swift in Sources */ = {isa = PBXBuildFile; fileRef = 1442D54B2C7A4D6E002F3666 /* Date+Extension.swift */; };
		1442D5502C7A4D6E002F3666 /* String+Extension.swift in Sources */ = {isa = PBXBuildFile; fileRef = 1442D54C2C7A4D6E002F3666 /* String+Extension.swift */; };
		1442D5532C7A4D85002F3666 /* NotificationManager.swift in Sources */ = {isa = PBXBuildFile; fileRef = 1442D5522C7A4D85002F3666 /* NotificationManager.swift */; };
		1442D5642C7A4DAD002F3666 /* Delay.swift in Sources */ = {isa = PBXBuildFile; fileRef = 1442D55D2C7A4DAC002F3666 /* Delay.swift */; };
		1442D5652C7A4DAD002F3666 /* Reminder.swift in Sources */ = {isa = PBXBuildFile; fileRef = 1442D55B2C7A4DAC002F3666 /* Reminder.swift */; };
		1442D5662C7A4DAD002F3666 /* ColorPickerView.swift in Sources */ = {isa = PBXBuildFile; fileRef = 1442D55F2C7A4DAC002F3666 /* ColorPickerView.swift */; };
		1442D5672C7A4DAD002F3666 /* ReminderStatsView.swift in Sources */ = {isa = PBXBuildFile; fileRef = 1442D5632C7A4DAC002F3666 /* ReminderStatsView.swift */; };
		1442D5682C7A4DAD002F3666 /* MyListDetailsScreen.swift in Sources */ = {isa = PBXBuildFile; fileRef = 1442D5572C7A4DAC002F3666 /* MyListDetailsScreen.swift */; };
		1442D5692C7A4DAD002F3666 /* AddMyListItemScreen.swift in Sources */ = {isa = PBXBuildFile; fileRef = 1442D5582C7A4DAC002F3666 /* AddMyListItemScreen.swift */; };
		1442D56A2C7A4DAD002F3666 /* ReminderCellView.swift in Sources */ = {isa = PBXBuildFile; fileRef = 1442D5612C7A4DAC002F3666 /* ReminderCellView.swift */; };
		1442D56B2C7A4DAD002F3666 /* Item.swift in Sources */ = {isa = PBXBuildFile; fileRef = 1442D55A2C7A4DAC002F3666 /* Item.swift */; };
		1442D56C2C7A4DAD002F3666 /* ReminderEditScreen.swift in Sources */ = {isa = PBXBuildFile; fileRef = 1442D5562C7A4DAC002F3666 /* ReminderEditScreen.swift */; };
		1442D56D2C7A4DAD002F3666 /* MyListScreen.swift in Sources */ = {isa = PBXBuildFile; fileRef = 1442D5552C7A4DAC002F3666 /* MyListScreen.swift */; };
		1442D56E2C7A4DAD002F3666 /* MyListCellView.swift in Sources */ = {isa = PBXBuildFile; fileRef = 1442D5602C7A4DAC002F3666 /* MyListCellView.swift */; };
		1442D56F2C7A4DAD002F3666 /* ReminderListView.swift in Sources */ = {isa = PBXBuildFile; fileRef = 1442D5622C7A4DAC002F3666 /* ReminderListView.swift */; };
		1442D5712C7A4DC7002F3666 /* PreviewContainer.swift in Sources */ = {isa = PBXBuildFile; fileRef = 1442D5702C7A4DC7002F3666 /* PreviewContainer.swift */; };
/* End PBXBuildFile section */

/* Begin PBXFileReference section */
		1442D5082C7A4CF7002F3666 /* RemindersApp.app */ = {isa = PBXFileReference; explicitFileType = wrapper.application; includeInIndex = 0; path = RemindersApp.app; sourceTree = BUILT_PRODUCTS_DIR; };
		1442D50B2C7A4CF7002F3666 /* RemindersAppApp.swift */ = {isa = PBXFileReference; lastKnownFileType = sourcecode.swift; path = RemindersAppApp.swift; sourceTree = "<group>"; };
		1442D50F2C7A4CF9002F3666 /* Assets.xcassets */ = {isa = PBXFileReference; lastKnownFileType = folder.assetcatalog; path = Assets.xcassets; sourceTree = "<group>"; };
		1442D5122C7A4CF9002F3666 /* Preview Assets.xcassets */ = {isa = PBXFileReference; lastKnownFileType = folder.assetcatalog; path = "Preview Assets.xcassets"; sourceTree = "<group>"; };
		1442D54B2C7A4D6E002F3666 /* Date+Extension.swift */ = {isa = PBXFileReference; lastKnownFileType = sourcecode.swift; path = "Date+Extension.swift"; sourceTree = "<group>"; };
		1442D54C2C7A4D6E002F3666 /* String+Extension.swift */ = {isa = PBXFileReference; lastKnownFileType = sourcecode.swift; path = "String+Extension.swift"; sourceTree = "<group>"; };
		1442D54D2C7A4D6E002F3666 /* Colors+Extension.swift */ = {isa = PBXFileReference; lastKnownFileType = sourcecode.swift; path = "Colors+Extension.swift"; sourceTree = "<group>"; };
		1442D5522C7A4D85002F3666 /* NotificationManager.swift */ = {isa = PBXFileReference; lastKnownFileType = sourcecode.swift; path = NotificationManager.swift; sourceTree = "<group>"; };
		1442D5552C7A4DAC002F3666 /* MyListScreen.swift */ = {isa = PBXFileReference; lastKnownFileType = sourcecode.swift; path = MyListScreen.swift; sourceTree = "<group>"; };
		1442D5562C7A4DAC002F3666 /* ReminderEditScreen.swift */ = {isa = PBXFileReference; lastKnownFileType = sourcecode.swift; path = ReminderEditScreen.swift; sourceTree = "<group>"; };
		1442D5572C7A4DAC002F3666 /* MyListDetailsScreen.swift */ = {isa = PBXFileReference; lastKnownFileType = sourcecode.swift; path = MyListDetailsScreen.swift; sourceTree = "<group>"; };
		1442D5582C7A4DAC002F3666 /* AddMyListItemScreen.swift */ = {isa = PBXFileReference; lastKnownFileType = sourcecode.swift; path = AddMyListItemScreen.swift; sourceTree = "<group>"; };
		1442D55A2C7A4DAC002F3666 /* Item.swift */ = {isa = PBXFileReference; lastKnownFileType = sourcecode.swift; path = Item.swift; sourceTree = "<group>"; };
		1442D55B2C7A4DAC002F3666 /* Reminder.swift */ = {isa = PBXFileReference; lastKnownFileType = sourcecode.swift; path = Reminder.swift; sourceTree = "<group>"; };
		1442D55D2C7A4DAC002F3666 /* Delay.swift */ = {isa = PBXFileReference; lastKnownFileType = sourcecode.swift; path = Delay.swift; sourceTree = "<group>"; };
		1442D55F2C7A4DAC002F3666 /* ColorPickerView.swift */ = {isa = PBXFileReference; lastKnownFileType = sourcecode.swift; path = ColorPickerView.swift; sourceTree = "<group>"; };
		1442D5602C7A4DAC002F3666 /* MyListCellView.swift */ = {isa = PBXFileReference; lastKnownFileType = sourcecode.swift; path = MyListCellView.swift; sourceTree = "<group>"; };
		1442D5612C7A4DAC002F3666 /* ReminderCellView.swift */ = {isa = PBXFileReference; lastKnownFileType = sourcecode.swift; path = ReminderCellView.swift; sourceTree = "<group>"; };
		1442D5622C7A4DAC002F3666 /* ReminderListView.swift */ = {isa = PBXFileReference; lastKnownFileType = sourcecode.swift; path = ReminderListView.swift; sourceTree = "<group>"; };
		1442D5632C7A4DAC002F3666 /* ReminderStatsView.swift */ = {isa = PBXFileReference; lastKnownFileType = sourcecode.swift; path = ReminderStatsView.swift; sourceTree = "<group>"; };
		1442D5702C7A4DC7002F3666 /* PreviewContainer.swift */ = {isa = PBXFileReference; lastKnownFileType = sourcecode.swift; path = PreviewContainer.swift; sourceTree = "<group>"; };
/* End PBXFileReference section */

/* Begin PBXFrameworksBuildPhase section */
		1442D5052C7A4CF7002F3666 /* Frameworks */ = {
			isa = PBXFrameworksBuildPhase;
			buildActionMask = 2147483647;
			files = (
			);
			runOnlyForDeploymentPostprocessing = 0;
		};
/* End PBXFrameworksBuildPhase section */

/* Begin PBXGroup section */
		1442D4FF2C7A4CF7002F3666 = {
			isa = PBXGroup;
			children = (
				1442D50A2C7A4CF7002F3666 /* RemindersApp */,
				1442D5092C7A4CF7002F3666 /* Products */,
			);
			sourceTree = "<group>";
		};
		1442D5092C7A4CF7002F3666 /* Products */ = {
			isa = PBXGroup;
			children = (
				1442D5082C7A4CF7002F3666 /* RemindersApp.app */,
			);
			name = Products;
			sourceTree = "<group>";
		};
		1442D50A2C7A4CF7002F3666 /* RemindersApp */ = {
			isa = PBXGroup;
			children = (
				1442D54A2C7A4D6E002F3666 /* Extensions */,
				1442D5512C7A4D85002F3666 /* Managers */,
				1442D5592C7A4DAC002F3666 /* Models */,
				1442D5542C7A4DAC002F3666 /* Screens */,
				1442D55C2C7A4DAC002F3666 /* Utils */,
				1442D55E2C7A4DAC002F3666 /* Views */,
				1442D50B2C7A4CF7002F3666 /* RemindersAppApp.swift */,
				1442D50F2C7A4CF9002F3666 /* Assets.xcassets */,
				1442D5112C7A4CF9002F3666 /* Preview Content */,
			);
			path = RemindersApp;
			sourceTree = "<group>";
		};
		1442D5112C7A4CF9002F3666 /* Preview Content */ = {
			isa = PBXGroup;
			children = (
				1442D5702C7A4DC7002F3666 /* PreviewContainer.swift */,
				1442D5122C7A4CF9002F3666 /* Preview Assets.xcassets */,
			);
			path = "Preview Content";
			sourceTree = "<group>";
		};
		1442D54A2C7A4D6E002F3666 /* Extensions */ = {
			isa = PBXGroup;
			children = (
				1442D54D2C7A4D6E002F3666 /* Colors+Extension.swift */,
				1442D54B2C7A4D6E002F3666 /* Date+Extension.swift */,
				1442D54C2C7A4D6E002F3666 /* String+Extension.swift */,
			);
			path = Extensions;
			sourceTree = "<group>";
		};
		1442D5512C7A4D85002F3666 /* Managers */ = {
			isa = PBXGroup;
			children = (
				1442D5522C7A4D85002F3666 /* NotificationManager.swift */,
			);
			path = Managers;
			sourceTree = "<group>";
		};
		1442D5542C7A4DAC002F3666 /* Screens */ = {
			isa = PBXGroup;
			children = (
				1442D5582C7A4DAC002F3666 /* AddMyListItemScreen.swift */,
				1442D5572C7A4DAC002F3666 /* MyListDetailsScreen.swift */,
				1442D5552C7A4DAC002F3666 /* MyListScreen.swift */,
				1442D5562C7A4DAC002F3666 /* ReminderEditScreen.swift */,
			);
			path = Screens;
			sourceTree = "<group>";
		};
		1442D5592C7A4DAC002F3666 /* Models */ = {
			isa = PBXGroup;
			children = (
				1442D55A2C7A4DAC002F3666 /* Item.swift */,
				1442D55B2C7A4DAC002F3666 /* Reminder.swift */,
			);
			path = Models;
			sourceTree = "<group>";
		};
		1442D55C2C7A4DAC002F3666 /* Utils */ = {
			isa = PBXGroup;
			children = (
				1442D55D2C7A4DAC002F3666 /* Delay.swift */,
			);
			path = Utils;
			sourceTree = "<group>";
		};
		1442D55E2C7A4DAC002F3666 /* Views */ = {
			isa = PBXGroup;
			children = (
				1442D55F2C7A4DAC002F3666 /* ColorPickerView.swift */,
				1442D5602C7A4DAC002F3666 /* MyListCellView.swift */,
				1442D5612C7A4DAC002F3666 /* ReminderCellView.swift */,
				1442D5622C7A4DAC002F3666 /* ReminderListView.swift */,
				1442D5632C7A4DAC002F3666 /* ReminderStatsView.swift */,
			);
			path = Views;
			sourceTree = "<group>";
		};
/* End PBXGroup section */

/* Begin PBXNativeTarget section */
		1442D5072C7A4CF7002F3666 /* RemindersApp */ = {
			isa = PBXNativeTarget;
			buildConfigurationList = 1442D5162C7A4CF9002F3666 /* Build configuration list for PBXNativeTarget "RemindersApp" */;
			buildPhases = (
				1442D5042C7A4CF7002F3666 /* Sources */,
				1442D5052C7A4CF7002F3666 /* Frameworks */,
				1442D5062C7A4CF7002F3666 /* Resources */,
			);
			buildRules = (
			);
			dependencies = (
			);
			name = RemindersApp;
			productName = RemindersApp;
			productReference = 1442D5082C7A4CF7002F3666 /* RemindersApp.app */;
			productType = "com.apple.product-type.application";
		};
/* End PBXNativeTarget section */

/* Begin PBXProject section */
		1442D5002C7A4CF7002F3666 /* Project object */ = {
			isa = PBXProject;
			attributes = {
				BuildIndependentTargetsInParallel = 1;
				LastSwiftUpdateCheck = 1540;
				LastUpgradeCheck = 1540;
				TargetAttributes = {
					1442D5072C7A4CF7002F3666 = {
						CreatedOnToolsVersion = 15.4;
					};
				};
			};
			buildConfigurationList = 1442D5032C7A4CF7002F3666 /* Build configuration list for PBXProject "RemindersApp" */;
			compatibilityVersion = "Xcode 14.0";
			developmentRegion = en;
			hasScannedForEncodings = 0;
			knownRegions = (
				en,
				Base,
			);
			mainGroup = 1442D4FF2C7A4CF7002F3666;
			productRefGroup = 1442D5092C7A4CF7002F3666 /* Products */;
			projectDirPath = "";
			projectRoot = "";
			targets = (
				1442D5072C7A4CF7002F3666 /* RemindersApp */,
			);
		};
/* End PBXProject section */

/* Begin PBXResourcesBuildPhase section */
		1442D5062C7A4CF7002F3666 /* Resources */ = {
			isa = PBXResourcesBuildPhase;
			buildActionMask = 2147483647;
			files = (
				1442D5132C7A4CF9002F3666 /* Preview Assets.xcassets in Resources */,
				1442D5102C7A4CF9002F3666 /* Assets.xcassets in Resources */,
			);
			runOnlyForDeploymentPostprocessing = 0;
		};
/* End PBXResourcesBuildPhase section */

/* Begin PBXSourcesBuildPhase section */
		1442D5042C7A4CF7002F3666 /* Sources */ = {
			isa = PBXSourcesBuildPhase;
			buildActionMask = 2147483647;
			files = (
				1442D54F2C7A4D6E002F3666 /* Date+Extension.swift in Sources */,
				1442D56C2C7A4DAD002F3666 /* ReminderEditScreen.swift in Sources */,
				1442D56D2C7A4DAD002F3666 /* MyListScreen.swift in Sources */,
				1442D5532C7A4D85002F3666 /* NotificationManager.swift in Sources */,
				1442D5652C7A4DAD002F3666 /* Reminder.swift in Sources */,
				1442D56E2C7A4DAD002F3666 /* MyListCellView.swift in Sources */,
				1442D5712C7A4DC7002F3666 /* PreviewContainer.swift in Sources */,
				1442D5692C7A4DAD002F3666 /* AddMyListItemScreen.swift in Sources */,
				1442D56F2C7A4DAD002F3666 /* ReminderListView.swift in Sources */,
				1442D5662C7A4DAD002F3666 /* ColorPickerView.swift in Sources */,
				1442D5502C7A4D6E002F3666 /* String+Extension.swift in Sources */,
				1442D5642C7A4DAD002F3666 /* Delay.swift in Sources */,
				1442D56B2C7A4DAD002F3666 /* Item.swift in Sources */,
				1442D56A2C7A4DAD002F3666 /* ReminderCellView.swift in Sources */,
				1442D5682C7A4DAD002F3666 /* MyListDetailsScreen.swift in Sources */,
				1442D54E2C7A4D6E002F3666 /* Colors+Extension.swift in Sources */,
				1442D5672C7A4DAD002F3666 /* ReminderStatsView.swift in Sources */,
				1442D50C2C7A4CF7002F3666 /* RemindersAppApp.swift in Sources */,
			);
			runOnlyForDeploymentPostprocessing = 0;
		};
/* End PBXSourcesBuildPhase section */

/* Begin XCBuildConfiguration section */
		1442D5142C7A4CF9002F3666 /* Debug */ = {
			isa = XCBuildConfiguration;
			buildSettings = {
				ALWAYS_SEARCH_USER_PATHS = NO;
				ASSETCATALOG_COMPILER_GENERATE_SWIFT_ASSET_SYMBOL_EXTENSIONS = YES;
				CLANG_ANALYZER_NONNULL = YES;
				CLANG_ANALYZER_NUMBER_OBJECT_CONVERSION = YES_AGGRESSIVE;
				CLANG_CXX_LANGUAGE_STANDARD = "gnu++20";
				CLANG_ENABLE_MODULES = YES;
				CLANG_ENABLE_OBJC_ARC = YES;
				CLANG_ENABLE_OBJC_WEAK = YES;
				CLANG_WARN_BLOCK_CAPTURE_AUTORELEASING = YES;
				CLANG_WARN_BOOL_CONVERSION = YES;
				CLANG_WARN_COMMA = YES;
				CLANG_WARN_CONSTANT_CONVERSION = YES;
				CLANG_WARN_DEPRECATED_OBJC_IMPLEMENTATIONS = YES;
				CLANG_WARN_DIRECT_OBJC_ISA_USAGE = YES_ERROR;
				CLANG_WARN_DOCUMENTATION_COMMENTS = YES;
				CLANG_WARN_EMPTY_BODY = YES;
				CLANG_WARN_ENUM_CONVERSION = YES;
				CLANG_WARN_INFINITE_RECURSION = YES;
				CLANG_WARN_INT_CONVERSION = YES;
				CLANG_WARN_NON_LITERAL_NULL_CONVERSION = YES;
				CLANG_WARN_OBJC_IMPLICIT_RETAIN_SELF = YES;
				CLANG_WARN_OBJC_LITERAL_CONVERSION = YES;
				CLANG_WARN_OBJC_ROOT_CLASS = YES_ERROR;
				CLANG_WARN_QUOTED_INCLUDE_IN_FRAMEWORK_HEADER = YES;
				CLANG_WARN_RANGE_LOOP_ANALYSIS = YES;
				CLANG_WARN_STRICT_PROTOTYPES = YES;
				CLANG_WARN_SUSPICIOUS_MOVE = YES;
				CLANG_WARN_UNGUARDED_AVAILABILITY = YES_AGGRESSIVE;
				CLANG_WARN_UNREACHABLE_CODE = YES;
				CLANG_WARN__DUPLICATE_METHOD_MATCH = YES;
				COPY_PHASE_STRIP = NO;
				DEBUG_INFORMATION_FORMAT = dwarf;
				ENABLE_STRICT_OBJC_MSGSEND = YES;
				ENABLE_TESTABILITY = YES;
				ENABLE_USER_SCRIPT_SANDBOXING = YES;
				GCC_C_LANGUAGE_STANDARD = gnu17;
				GCC_DYNAMIC_NO_PIC = NO;
				GCC_NO_COMMON_BLOCKS = YES;
				GCC_OPTIMIZATION_LEVEL = 0;
				GCC_PREPROCESSOR_DEFINITIONS = (
					"DEBUG=1",
					"$(inherited)",
				);
				GCC_WARN_64_TO_32_BIT_CONVERSION = YES;
				GCC_WARN_ABOUT_RETURN_TYPE = YES_ERROR;
				GCC_WARN_UNDECLARED_SELECTOR = YES;
				GCC_WARN_UNINITIALIZED_AUTOS = YES_AGGRESSIVE;
				GCC_WARN_UNUSED_FUNCTION = YES;
				GCC_WARN_UNUSED_VARIABLE = YES;
				IPHONEOS_DEPLOYMENT_TARGET = 17.5;
				LOCALIZATION_PREFERS_STRING_CATALOGS = YES;
				MTL_ENABLE_DEBUG_INFO = INCLUDE_SOURCE;
				MTL_FAST_MATH = YES;
				ONLY_ACTIVE_ARCH = YES;
				SDKROOT = iphoneos;
				SWIFT_ACTIVE_COMPILATION_CONDITIONS = "DEBUG $(inherited)";
				SWIFT_OPTIMIZATION_LEVEL = "-Onone";
			};
			name = Debug;
		};
		1442D5152C7A4CF9002F3666 /* Release */ = {
			isa = XCBuildConfiguration;
			buildSettings = {
				ALWAYS_SEARCH_USER_PATHS = NO;
				ASSETCATALOG_COMPILER_GENERATE_SWIFT_ASSET_SYMBOL_EXTENSIONS = YES;
				CLANG_ANALYZER_NONNULL = YES;
				CLANG_ANALYZER_NUMBER_OBJECT_CONVERSION = YES_AGGRESSIVE;
				CLANG_CXX_LANGUAGE_STANDARD = "gnu++20";
				CLANG_ENABLE_MODULES = YES;
				CLANG_ENABLE_OBJC_ARC = YES;
				CLANG_ENABLE_OBJC_WEAK = YES;
				CLANG_WARN_BLOCK_CAPTURE_AUTORELEASING = YES;
				CLANG_WARN_BOOL_CONVERSION = YES;
				CLANG_WARN_COMMA = YES;
				CLANG_WARN_CONSTANT_CONVERSION = YES;
				CLANG_WARN_DEPRECATED_OBJC_IMPLEMENTATIONS = YES;
				CLANG_WARN_DIRECT_OBJC_ISA_USAGE = YES_ERROR;
				CLANG_WARN_DOCUMENTATION_COMMENTS = YES;
				CLANG_WARN_EMPTY_BODY = YES;
				CLANG_WARN_ENUM_CONVERSION = YES;
				CLANG_WARN_INFINITE_RECURSION = YES;
				CLANG_WARN_INT_CONVERSION = YES;
				CLANG_WARN_NON_LITERAL_NULL_CONVERSION = YES;
				CLANG_WARN_OBJC_IMPLICIT_RETAIN_SELF = YES;
				CLANG_WARN_OBJC_LITERAL_CONVERSION = YES;
				CLANG_WARN_OBJC_ROOT_CLASS = YES_ERROR;
				CLANG_WARN_QUOTED_INCLUDE_IN_FRAMEWORK_HEADER = YES;
				CLANG_WARN_RANGE_LOOP_ANALYSIS = YES;
				CLANG_WARN_STRICT_PROTOTYPES = YES;
				CLANG_WARN_SUSPICIOUS_MOVE = YES;
				CLANG_WARN_UNGUARDED_AVAILABILITY = YES_AGGRESSIVE;
				CLANG_WARN_UNREACHABLE_CODE = YES;
				CLANG_WARN__DUPLICATE_METHOD_MATCH = YES;
				COPY_PHASE_STRIP = NO;
				DEBUG_INFORMATION_FORMAT = "dwarf-with-dsym";
				ENABLE_NS_ASSERTIONS = NO;
				ENABLE_STRICT_OBJC_MSGSEND = YES;
				ENABLE_USER_SCRIPT_SANDBOXING = YES;
				GCC_C_LANGUAGE_STANDARD = gnu17;
				GCC_NO_COMMON_BLOCKS = YES;
				GCC_WARN_64_TO_32_BIT_CONVERSION = YES;
				GCC_WARN_ABOUT_RETURN_TYPE = YES_ERROR;
				GCC_WARN_UNDECLARED_SELECTOR = YES;
				GCC_WARN_UNINITIALIZED_AUTOS = YES_AGGRESSIVE;
				GCC_WARN_UNUSED_FUNCTION = YES;
				GCC_WARN_UNUSED_VARIABLE = YES;
				IPHONEOS_DEPLOYMENT_TARGET = 17.5;
				LOCALIZATION_PREFERS_STRING_CATALOGS = YES;
				MTL_ENABLE_DEBUG_INFO = NO;
				MTL_FAST_MATH = YES;
				SDKROOT = iphoneos;
				SWIFT_COMPILATION_MODE = wholemodule;
				VALIDATE_PRODUCT = YES;
			};
			name = Release;
		};
		1442D5172C7A4CF9002F3666 /* Debug */ = {
			isa = XCBuildConfiguration;
			buildSettings = {
				ASSETCATALOG_COMPILER_APPICON_NAME = AppIcon;
				ASSETCATALOG_COMPILER_GLOBAL_ACCENT_COLOR_NAME = AccentColor;
				CODE_SIGN_STYLE = Automatic;
				CURRENT_PROJECT_VERSION = 1;
				DEVELOPMENT_ASSET_PATHS = "\"RemindersApp/Preview Content\"";
				ENABLE_PREVIEWS = YES;
				GENERATE_INFOPLIST_FILE = YES;
				INFOPLIST_KEY_UIApplicationSceneManifest_Generation = YES;
				INFOPLIST_KEY_UIApplicationSupportsIndirectInputEvents = YES;
				INFOPLIST_KEY_UILaunchScreen_Generation = YES;
				INFOPLIST_KEY_UISupportedInterfaceOrientations_iPad = "UIInterfaceOrientationPortrait UIInterfaceOrientationPortraitUpsideDown UIInterfaceOrientationLandscapeLeft UIInterfaceOrientationLandscapeRight";
				INFOPLIST_KEY_UISupportedInterfaceOrientations_iPhone = "UIInterfaceOrientationPortrait UIInterfaceOrientationLandscapeLeft UIInterfaceOrientationLandscapeRight";
				LD_RUNPATH_SEARCH_PATHS = (
					"$(inherited)",
					"@executable_path/Frameworks",
				);
				MARKETING_VERSION = 1.0;
				PRODUCT_BUNDLE_IDENTIFIER = com.atul.RemindersApp;
				PRODUCT_NAME = "$(TARGET_NAME)";
				SWIFT_EMIT_LOC_STRINGS = YES;
				SWIFT_VERSION = 5.0;
				TARGETED_DEVICE_FAMILY = "1,2";
			};
			name = Debug;
		};
		1442D5182C7A4CF9002F3666 /* Release */ = {
			isa = XCBuildConfiguration;
			buildSettings = {
				ASSETCATALOG_COMPILER_APPICON_NAME = AppIcon;
				ASSETCATALOG_COMPILER_GLOBAL_ACCENT_COLOR_NAME = AccentColor;
				CODE_SIGN_STYLE = Automatic;
				CURRENT_PROJECT_VERSION = 1;
				DEVELOPMENT_ASSET_PATHS = "\"RemindersApp/Preview Content\"";
				ENABLE_PREVIEWS = YES;
				GENERATE_INFOPLIST_FILE = YES;
				INFOPLIST_KEY_UIApplicationSceneManifest_Generation = YES;
				INFOPLIST_KEY_UIApplicationSupportsIndirectInputEvents = YES;
				INFOPLIST_KEY_UILaunchScreen_Generation = YES;
				INFOPLIST_KEY_UISupportedInterfaceOrientations_iPad = "UIInterfaceOrientationPortrait UIInterfaceOrientationPortraitUpsideDown UIInterfaceOrientationLandscapeLeft UIInterfaceOrientationLandscapeRight";
				INFOPLIST_KEY_UISupportedInterfaceOrientations_iPhone = "UIInterfaceOrientationPortrait UIInterfaceOrientationLandscapeLeft UIInterfaceOrientationLandscapeRight";
				LD_RUNPATH_SEARCH_PATHS = (
					"$(inherited)",
					"@executable_path/Frameworks",
				);
				MARKETING_VERSION = 1.0;
				PRODUCT_BUNDLE_IDENTIFIER = com.atul.RemindersApp;
				PRODUCT_NAME = "$(TARGET_NAME)";
				SWIFT_EMIT_LOC_STRINGS = YES;
				SWIFT_VERSION = 5.0;
				TARGETED_DEVICE_FAMILY = "1,2";
			};
			name = Release;
		};
/* End XCBuildConfiguration section */

/* Begin XCConfigurationList section */
		1442D5032C7A4CF7002F3666 /* Build configuration list for PBXProject "RemindersApp" */ = {
			isa = XCConfigurationList;
			buildConfigurations = (
				1442D5142C7A4CF9002F3666 /* Debug */,
				1442D5152C7A4CF9002F3666 /* Release */,
			);
			defaultConfigurationIsVisible = 0;
			defaultConfigurationName = Release;
		};
		1442D5162C7A4CF9002F3666 /* Build configuration list for PBXNativeTarget "RemindersApp" */ = {
			isa = XCConfigurationList;
			buildConfigurations = (
				1442D5172C7A4CF9002F3666 /* Debug */,
				1442D5182C7A4CF9002F3666 /* Release */,
			);
			defaultConfigurationIsVisible = 0;
			defaultConfigurationName = Release;
		};
/* End XCConfigurationList section */
	};
	rootObject = 1442D5002C7A4CF7002F3666 /* Project object */;
}
